{
    "_readme": [
        "This file locks the dependencies of your project to a known state",
        "Read more about it at https://getcomposer.org/doc/01-basic-usage.md#composer-lock-the-lock-file",
        "This file is @generated automatically"
    ],
    "hash": "63e86868596dbae394bf3b6b843f4e81",
    "content-hash": "e0f3079d0cc749082f5ed50c9a351b55",
    "packages": [
        {
            "name": "almasaeed2010/adminlte",
            "version": "v2.3.7",
            "source": {
                "type": "git",
                "url": "https://github.com/almasaeed2010/AdminLTE.git",
                "reference": "797b65b3ca90525a4e048de5b8d02ba6878ea239"
            },
            "dist": {
                "type": "zip",
                "url": "https://api.github.com/repos/almasaeed2010/AdminLTE/zipball/797b65b3ca90525a4e048de5b8d02ba6878ea239",
                "reference": "797b65b3ca90525a4e048de5b8d02ba6878ea239",
                "shasum": ""
            },
            "type": "library",
            "notification-url": "https://packagist.org/downloads/",
            "license": [
                "MIT"
            ],
            "authors": [
                {
                    "name": "Abdullah Almsaeed",
                    "email": "abdullah@almsaeedstudio.com"
                }
            ],
            "description": "AdminLTE - admin control panel and dashboard that's based on Bootstrap 3",
            "homepage": "http://almsaeedstudio.com/",
            "keywords": [
                "JS",
                "admin",
                "back-end",
                "css",
                "less",
                "responsive",
                "template",
                "theme",
                "web"
            ],
            "time": "2016-10-19 15:34:25"
        },
        {
            "name": "container-interop/container-interop",
            "version": "1.1.0",
            "source": {
                "type": "git",
                "url": "https://github.com/container-interop/container-interop.git",
                "reference": "fc08354828f8fd3245f77a66b9e23a6bca48297e"
            },
            "dist": {
                "type": "zip",
                "url": "https://api.github.com/repos/container-interop/container-interop/zipball/fc08354828f8fd3245f77a66b9e23a6bca48297e",
                "reference": "fc08354828f8fd3245f77a66b9e23a6bca48297e",
                "shasum": ""
            },
            "type": "library",
            "autoload": {
                "psr-4": {
                    "Interop\\Container\\": "src/Interop/Container/"
                }
            },
            "notification-url": "https://packagist.org/downloads/",
            "license": [
                "MIT"
            ],
            "description": "Promoting the interoperability of container objects (DIC, SL, etc.)",
            "time": "2014-12-30 15:22:37"
        },
        {
            "name": "nikic/fast-route",
            "version": "v1.0.1",
            "source": {
                "type": "git",
                "url": "https://github.com/nikic/FastRoute.git",
                "reference": "8ea928195fa9b907f0d6e48312d323c1a13cc2af"
            },
            "dist": {
                "type": "zip",
                "url": "https://api.github.com/repos/nikic/FastRoute/zipball/8ea928195fa9b907f0d6e48312d323c1a13cc2af",
                "reference": "8ea928195fa9b907f0d6e48312d323c1a13cc2af",
                "shasum": ""
            },
            "require": {
                "php": ">=5.4.0"
            },
            "type": "library",
            "autoload": {
                "psr-4": {
                    "FastRoute\\": "src/"
                },
                "files": [
                    "src/functions.php"
                ]
            },
            "notification-url": "https://packagist.org/downloads/",
            "license": [
                "BSD-3-Clause"
            ],
            "authors": [
                {
                    "name": "Nikita Popov",
                    "email": "nikic@php.net"
                }
            ],
            "description": "Fast request router for PHP",
            "keywords": [
                "router",
                "routing"
            ],
            "time": "2016-06-12 19:08:51"
        },
        {
            "name": "phputil/di",
            "version": "0.3",
            "source": {
                "type": "git",
                "url": "https://github.com/thiagodp/di.git",
                "reference": "df08df8e07e0ee5ad616c026b55fffd776fe3103"
            },
            "dist": {
                "type": "zip",
                "url": "https://api.github.com/repos/thiagodp/di/zipball/df08df8e07e0ee5ad616c026b55fffd776fe3103",
                "reference": "df08df8e07e0ee5ad616c026b55fffd776fe3103",
                "shasum": ""
            },
            "require": {
                "php": ">=5.4"
            },
            "require-dev": {
                "phpunit/phpunit": ">=4.0"
            },
            "type": "library",
            "autoload": {
                "psr-4": {
                    "phputil\\di\\": "lib/"
                }
            },
            "notification-url": "https://packagist.org/downloads/",
            "license": [
                "LGPL-3"
            ],
            "authors": [
                {
                    "name": "Thiago Delgado Pinto"
                }
            ],
            "description": "Dependency Injection for PHP",
            "homepage": "http://github.com/thiagodp/di",
            "keywords": [
                "dependency",
                "injection",
                "injector"
            ],
            "time": "2016-07-07 00:45:34"
        },
        {
            "name": "phputil/json",
            "version": "1.2.2",
            "source": {
                "type": "git",
                "url": "https://github.com/thiagodp/json.git",
                "reference": "c5a3b91a7cc48134d8a9a0584518942a05a4a141"
            },
            "dist": {
                "type": "zip",
                "url": "https://api.github.com/repos/thiagodp/json/zipball/c5a3b91a7cc48134d8a9a0584518942a05a4a141",
                "reference": "c5a3b91a7cc48134d8a9a0584518942a05a4a141",
                "shasum": ""
            },
            "require": {
                "php": ">=5.2.0",
                "phputil/rtti": ">=1.3"
            },
            "require-dev": {
                "phputil/rtti": ">=1.0"
            },
            "type": "library",
            "autoload": {
                "psr-4": {
                    "phputil\\": "lib/"
                }
            },
            "notification-url": "https://packagist.org/downloads/",
            "license": [
                "LGPL-3"
            ],
            "authors": [
                {
                    "name": "Thiago Delgado Pinto"
                }
            ],
            "description": "A JSON encoder and decoder that can also convert PHP objects with private or protected attributes.",
            "homepage": "http://github.com/thiagodp/json",
            "keywords": [
                "decode",
                "encode",
                "json",
                "object",
                "php",
                "private",
                "protected"
            ],
            "time": "2016-08-11 06:32:21"
        },
        {
            "name": "phputil/pdowrapper",
            "version": "1.0.2",
            "source": {
                "type": "git",
                "url": "https://github.com/thiagodp/pdowrapper.git",
                "reference": "4b9b72f7219a6d7d053263e1162b9d59747e2370"
            },
            "dist": {
                "type": "zip",
                "url": "https://api.github.com/repos/thiagodp/pdowrapper/zipball/4b9b72f7219a6d7d053263e1162b9d59747e2370",
                "reference": "4b9b72f7219a6d7d053263e1162b9d59747e2370",
                "shasum": ""
            },
            "require": {
                "php": ">=5.2.0"
            },
            "type": "library",
            "autoload": {
                "psr-4": {
                    "phputil\\": "lib/"
                }
            },
            "notification-url": "https://packagist.org/downloads/",
            "license": [
                "LGPL-3"
            ],
            "authors": [
                {
                    "name": "Thiago Delgado Pinto"
                }
            ],
            "description": "A useful PDO wrapper.",
            "homepage": "http://github.com/thiagodp/pdowrapper",
            "keywords": [
                "pdo",
                "php"
            ],
            "time": "2016-05-18 18:51:17"
        },
        {
            "name": "phputil/rtti",
            "version": "1.3",
            "source": {
                "type": "git",
                "url": "https://github.com/thiagodp/rtti.git",
                "reference": "e8ad69d220743e413bdacaff2c996716b72acd63"
            },
            "dist": {
                "type": "zip",
                "url": "https://api.github.com/repos/thiagodp/rtti/zipball/e8ad69d220743e413bdacaff2c996716b72acd63",
                "reference": "e8ad69d220743e413bdacaff2c996716b72acd63",
                "shasum": ""
            },
            "require": {
                "php": ">=5.2.0"
            },
            "type": "library",
            "autoload": {
                "psr-4": {
                    "phputil\\": "lib/"
                }
            },
            "notification-url": "https://packagist.org/downloads/",
            "license": [
                "LGPL-3"
            ],
            "authors": [
                {
                    "name": "Thiago Delgado Pinto"
                }
            ],
            "description": "A Run-Time Type Information extractor, useful for getting/setting private attributes from/to PHP objects.",
            "homepage": "http://github.com/thiagodp/rtti",
            "keywords": [
                "php",
                "private",
                "protected",
                "rtti",
                "run-time"
            ],
            "time": "2016-08-11 06:17:18"
        },
        {
            "name": "phputil/traits",
            "version": "1.0",
            "source": {
                "type": "git",
                "url": "https://github.com/thiagodp/traits.git",
                "reference": "251099fc533333eb4361005bd572dce328ef6713"
            },
            "dist": {
                "type": "zip",
                "url": "https://api.github.com/repos/thiagodp/traits/zipball/251099fc533333eb4361005bd572dce328ef6713",
                "reference": "251099fc533333eb4361005bd572dce328ef6713",
                "shasum": ""
            },
            "require": {
                "php": ">=5.4"
            },
            "require-dev": {
                "phpunit/phpunit": "=4.4.2"
            },
            "type": "library",
            "autoload": {
                "psr-4": {
                    "phputil\\traits\\": "lib/"
                }
            },
            "notification-url": "https://packagist.org/downloads/",
            "license": [
                "LGPL-3"
            ],
            "authors": [
                {
                    "name": "Thiago Delgado Pinto"
                }
            ],
            "description": "Useful traits for PHP",
            "homepage": "http://github.com/thiagodp/traits",
            "keywords": [
                "automatic",
                "builder",
                "getter",
                "setter",
                "trait"
            ],
            "time": "2016-08-15 23:32:22"
        },
        {
            "name": "pimple/pimple",
            "version": "v3.0.2",
            "source": {
                "type": "git",
                "url": "https://github.com/silexphp/Pimple.git",
                "reference": "a30f7d6e57565a2e1a316e1baf2a483f788b258a"
            },
            "dist": {
                "type": "zip",
                "url": "https://api.github.com/repos/silexphp/Pimple/zipball/a30f7d6e57565a2e1a316e1baf2a483f788b258a",
                "reference": "a30f7d6e57565a2e1a316e1baf2a483f788b258a",
                "shasum": ""
            },
            "require": {
                "php": ">=5.3.0"
            },
            "type": "library",
            "extra": {
                "branch-alias": {
                    "dev-master": "3.0.x-dev"
                }
            },
            "autoload": {
                "psr-0": {
                    "Pimple": "src/"
                }
            },
            "notification-url": "https://packagist.org/downloads/",
            "license": [
                "MIT"
            ],
            "authors": [
                {
                    "name": "Fabien Potencier",
                    "email": "fabien@symfony.com"
                }
            ],
            "description": "Pimple, a simple Dependency Injection Container",
            "homepage": "http://pimple.sensiolabs.org",
            "keywords": [
                "container",
                "dependency injection"
            ],
            "time": "2015-09-11 15:10:35"
        },
        {
            "name": "psr/http-message",
            "version": "1.0.1",
            "source": {
                "type": "git",
                "url": "https://github.com/php-fig/http-message.git",
                "reference": "f6561bf28d520154e4b0ec72be95418abe6d9363"
            },
            "dist": {
                "type": "zip",
                "url": "https://api.github.com/repos/php-fig/http-message/zipball/f6561bf28d520154e4b0ec72be95418abe6d9363",
                "reference": "f6561bf28d520154e4b0ec72be95418abe6d9363",
                "shasum": ""
            },
            "require": {
                "php": ">=5.3.0"
            },
            "type": "library",
            "extra": {
                "branch-alias": {
                    "dev-master": "1.0.x-dev"
                }
            },
            "autoload": {
                "psr-4": {
                    "Psr\\Http\\Message\\": "src/"
                }
            },
            "notification-url": "https://packagist.org/downloads/",
            "license": [
                "MIT"
            ],
            "authors": [
                {
                    "name": "PHP-FIG",
                    "homepage": "http://www.php-fig.org/"
                }
            ],
            "description": "Common interface for HTTP messages",
            "homepage": "https://github.com/php-fig/http-message",
            "keywords": [
                "http",
                "http-message",
                "psr",
                "psr-7",
                "request",
                "response"
            ],
            "time": "2016-08-06 14:39:51"
        },
        {
            "name": "slim/slim",
            "version": "3.5.0",
            "source": {
                "type": "git",
                "url": "https://github.com/slimphp/Slim.git",
                "reference": "184352bc1913d7ba552ab4131d62f4730ddb0893"
            },
            "dist": {
                "type": "zip",
                "url": "https://api.github.com/repos/slimphp/Slim/zipball/184352bc1913d7ba552ab4131d62f4730ddb0893",
                "reference": "184352bc1913d7ba552ab4131d62f4730ddb0893",
                "shasum": ""
            },
            "require": {
                "container-interop/container-interop": "^1.1",
                "nikic/fast-route": "^1.0",
                "php": ">=5.5.0",
                "pimple/pimple": "^3.0",
                "psr/http-message": "^1.0"
            },
            "provide": {
                "psr/http-message-implementation": "1.0"
            },
            "require-dev": {
                "phpunit/phpunit": "^4.0",
                "squizlabs/php_codesniffer": "^2.5"
            },
            "type": "library",
            "autoload": {
                "psr-4": {
                    "Slim\\": "Slim"
                }
            },
            "notification-url": "https://packagist.org/downloads/",
            "license": [
                "MIT"
            ],
            "authors": [
                {
                    "name": "Rob Allen",
                    "email": "rob@akrabat.com",
                    "homepage": "http://akrabat.com"
                },
                {
                    "name": "Josh Lockhart",
                    "email": "hello@joshlockhart.com",
                    "homepage": "https://joshlockhart.com"
                },
                {
                    "name": "Gabriel Manricks",
                    "email": "gmanricks@me.com",
                    "homepage": "http://gabrielmanricks.com"
                },
                {
                    "name": "Andrew Smith",
                    "email": "a.smith@silentworks.co.uk",
                    "homepage": "http://silentworks.co.uk"
                }
            ],
            "description": "Slim is a PHP micro framework that helps you quickly write simple yet powerful web applications and APIs",
            "homepage": "http://slimframework.com",
            "keywords": [
                "api",
                "framework",
                "micro",
                "router"
            ],
            "time": "2016-07-26 15:12:13"
        },
        {
            "name": "vlucas/phpdotenv",
            "version": "v2.4.0",
            "source": {
                "type": "git",
                "url": "https://github.com/vlucas/phpdotenv.git",
                "reference": "3cc116adbe4b11be5ec557bf1d24dc5e3a21d18c"
            },
            "dist": {
                "type": "zip",
                "url": "https://api.github.com/repos/vlucas/phpdotenv/zipball/3cc116adbe4b11be5ec557bf1d24dc5e3a21d18c",
                "reference": "3cc116adbe4b11be5ec557bf1d24dc5e3a21d18c",
                "shasum": ""
            },
            "require": {
                "php": ">=5.3.9"
            },
            "require-dev": {
                "phpunit/phpunit": "^4.8 || ^5.0"
            },
            "type": "library",
            "extra": {
                "branch-alias": {
                    "dev-master": "2.4-dev"
                }
            },
            "autoload": {
                "psr-4": {
                    "Dotenv\\": "src/"
                }
            },
            "notification-url": "https://packagist.org/downloads/",
            "license": [
                "BSD-3-Clause-Attribution"
            ],
            "authors": [
                {
                    "name": "Vance Lucas",
                    "email": "vance@vancelucas.com",
                    "homepage": "http://www.vancelucas.com"
                }
            ],
            "description": "Loads environment variables from `.env` to `getenv()`, `$_ENV` and `$_SERVER` automagically.",
            "keywords": [
                "dotenv",
                "env",
                "environment"
            ],
            "time": "2016-09-01 10:05:43"
        }
    ],
    "packages-dev": [],
    "aliases": [],
    "minimum-stability": "stable",
    "stability-flags": [],
    "prefer-stable": false,
    "prefer-lowest": false,
    "platform": [],
    "platform-dev": []
}
